// !$*UTF8*$!
{
	archiveVersion = 1;
	classes = {
	};
	objectVersion = 48;
	objects = {

/* Begin PBXBuildFile section */
		013E50DB1F96805A00BC08BD /* AppDelegate.m in Sources */ = {isa = PBXBuildFile; fileRef = 013E50DA1F96805A00BC08BD /* AppDelegate.m */; };
		013E50DE1F96805A00BC08BD /* MasterViewController.m in Sources */ = {isa = PBXBuildFile; fileRef = 013E50DD1F96805A00BC08BD /* MasterViewController.m */; };
		013E50E11F96805A00BC08BD /* DetailViewController.m in Sources */ = {isa = PBXBuildFile; fileRef = 013E50E01F96805A00BC08BD /* DetailViewController.m */; };
		013E50E41F96805A00BC08BD /* Main.storyboard in Resources */ = {isa = PBXBuildFile; fileRef = 013E50E21F96805A00BC08BD /* Main.storyboard */; };
		013E50E61F96805A00BC08BD /* Assets.xcassets in Resources */ = {isa = PBXBuildFile; fileRef = 013E50E51F96805A00BC08BD /* Assets.xcassets */; };
		013E50E91F96805A00BC08BD /* LaunchScreen.storyboard in Resources */ = {isa = PBXBuildFile; fileRef = 013E50E71F96805A00BC08BD /* LaunchScreen.storyboard */; };
		013E50EC1F96805A00BC08BD /* main.m in Sources */ = {isa = PBXBuildFile; fileRef = 013E50EB1F96805A00BC08BD /* main.m */; };
		013E50F41F9684AB00BC08BD /* ToDo.m in Sources */ = {isa = PBXBuildFile; fileRef = 013E50F31F9684AB00BC08BD /* ToDo.m */; };
		013E511D1F96C04800BC08BD /* ToDoTableViewCell.m in Sources */ = {isa = PBXBuildFile; fileRef = 013E511B1F96C04800BC08BD /* ToDoTableViewCell.m */; };
		013E511E1F96C04800BC08BD /* ToDoTableViewCell.xib in Resources */ = {isa = PBXBuildFile; fileRef = 013E511C1F96C04800BC08BD /* ToDoTableViewCell.xib */; };
/* End PBXBuildFile section */

/* Begin PBXFileReference section */
		013E50D61F96805A00BC08BD /* Every.Do.app */ = {isa = PBXFileReference; explicitFileType = wrapper.application; includeInIndex = 0; path = Every.Do.app; sourceTree = BUILT_PRODUCTS_DIR; };
		013E50D91F96805A00BC08BD /* AppDelegate.h */ = {isa = PBXFileReference; lastKnownFileType = sourcecode.c.h; path = AppDelegate.h; sourceTree = "<group>"; };
		013E50DA1F96805A00BC08BD /* AppDelegate.m */ = {isa = PBXFileReference; lastKnownFileType = sourcecode.c.objc; path = AppDelegate.m; sourceTree = "<group>"; };
		013E50DC1F96805A00BC08BD /* MasterViewController.h */ = {isa = PBXFileReference; lastKnownFileType = sourcecode.c.h; path = MasterViewController.h; sourceTree = "<group>"; };
		013E50DD1F96805A00BC08BD /* MasterViewController.m */ = {isa = PBXFileReference; lastKnownFileType = sourcecode.c.objc; path = MasterViewController.m; sourceTree = "<group>"; };
		013E50DF1F96805A00BC08BD /* DetailViewController.h */ = {isa = PBXFileReference; lastKnownFileType = sourcecode.c.h; path = DetailViewController.h; sourceTree = "<group>"; };
		013E50E01F96805A00BC08BD /* DetailViewController.m */ = {isa = PBXFileReference; lastKnownFileType = sourcecode.c.objc; path = DetailViewController.m; sourceTree = "<group>"; };
		013E50E31F96805A00BC08BD /* Base */ = {isa = PBXFileReference; lastKnownFileType = file.storyboard; name = Base; path = Base.lproj/Main.storyboard; sourceTree = "<group>"; };
		013E50E51F96805A00BC08BD /* Assets.xcassets */ = {isa = PBXFileReference; lastKnownFileType = folder.assetcatalog; path = Assets.xcassets; sourceTree = "<group>"; };
		013E50E81F96805A00BC08BD /* Base */ = {isa = PBXFileReference; lastKnownFileType = file.storyboard; name = Base; path = Base.lproj/LaunchScreen.storyboard; sourceTree = "<group>"; };
		013E50EA1F96805A00BC08BD /* Info.plist */ = {isa = PBXFileReference; lastKnownFileType = text.plist.xml; path = Info.plist; sourceTree = "<group>"; };
		013E50EB1F96805A00BC08BD /* main.m */ = {isa = PBXFileReference; lastKnownFileType = sourcecode.c.objc; path = main.m; sourceTree = "<group>"; };
		013E50F21F9684AB00BC08BD /* ToDo.h */ = {isa = PBXFileReference; lastKnownFileType = sourcecode.c.h; path = ToDo.h; sourceTree = "<group>"; };
		013E50F31F9684AB00BC08BD /* ToDo.m */ = {isa = PBXFileReference; lastKnownFileType = sourcecode.c.objc; path = ToDo.m; sourceTree = "<group>"; };
		013E511A1F96C04800BC08BD /* ToDoTableViewCell.h */ = {isa = PBXFileReference; lastKnownFileType = sourcecode.c.h; path = ToDoTableViewCell.h; sourceTree = "<group>"; };
		013E511B1F96C04800BC08BD /* ToDoTableViewCell.m */ = {isa = PBXFileReference; lastKnownFileType = sourcecode.c.objc; path = ToDoTableViewCell.m; sourceTree = "<group>"; };
		013E511C1F96C04800BC08BD /* ToDoTableViewCell.xib */ = {isa = PBXFileReference; lastKnownFileType = file.xib; path = ToDoTableViewCell.xib; sourceTree = "<group>"; };
/* End PBXFileReference section */

/* Begin PBXFrameworksBuildPhase section */
		013E50D31F96805A00BC08BD /* Frameworks */ = {
			isa = PBXFrameworksBuildPhase;
			buildActionMask = 2147483647;
			files = (
			);
			runOnlyForDeploymentPostprocessing = 0;
		};
/* End PBXFrameworksBuildPhase section */

/* Begin PBXGroup section */
		013E50CD1F96805A00BC08BD = {
			isa = PBXGroup;
			children = (
				013E50D81F96805A00BC08BD /* Every.Do */,
				013E50D71F96805A00BC08BD /* Products */,
			);
			sourceTree = "<group>";
		};
		013E50D71F96805A00BC08BD /* Products */ = {
			isa = PBXGroup;
			children = (
				013E50D61F96805A00BC08BD /* Every.Do.app */,
			);
			name = Products;
			sourceTree = "<group>";
		};
		013E50D81F96805A00BC08BD /* Every.Do */ = {
			isa = PBXGroup;
			children = (
				013E50D91F96805A00BC08BD /* AppDelegate.h */,
				013E50DA1F96805A00BC08BD /* AppDelegate.m */,
				013E50DC1F96805A00BC08BD /* MasterViewController.h */,
				013E50DD1F96805A00BC08BD /* MasterViewController.m */,
				013E50DF1F96805A00BC08BD /* DetailViewController.h */,
				013E50E01F96805A00BC08BD /* DetailViewController.m */,
				013E50F21F9684AB00BC08BD /* ToDo.h */,
				013E50F31F9684AB00BC08BD /* ToDo.m */,
				013E511A1F96C04800BC08BD /* ToDoTableViewCell.h */,
				013E511B1F96C04800BC08BD /* ToDoTableViewCell.m */,
				013E511C1F96C04800BC08BD /* ToDoTableViewCell.xib */,
				013E50E21F96805A00BC08BD /* Main.storyboard */,
				013E50E51F96805A00BC08BD /* Assets.xcassets */,
				013E50E71F96805A00BC08BD /* LaunchScreen.storyboard */,
				013E50EA1F96805A00BC08BD /* Info.plist */,
				013E50EB1F96805A00BC08BD /* main.m */,
			);
			path = Every.Do;
			sourceTree = "<group>";
		};
/* End PBXGroup section */

/* Begin PBXNativeTarget section */
		013E50D51F96805A00BC08BD /* Every.Do */ = {
			isa = PBXNativeTarget;
			buildConfigurationList = 013E50EF1F96805A00BC08BD /* Build configuration list for PBXNativeTarget "Every.Do" */;
			buildPhases = (
				013E50D21F96805A00BC08BD /* Sources */,
				013E50D31F96805A00BC08BD /* Frameworks */,
				013E50D41F96805A00BC08BD /* Resources */,
			);
			buildRules = (
			);
			dependencies = (
			);
			name = Every.Do;
			productName = Every.Do;
			productReference = 013E50D61F96805A00BC08BD /* Every.Do.app */;
			productType = "com.apple.product-type.application";
		};
/* End PBXNativeTarget section */

/* Begin PBXProject section */
		013E50CE1F96805A00BC08BD /* Project object */ = {
			isa = PBXProject;
			attributes = {
				LastUpgradeCheck = 0900;
				ORGANIZATIONNAME = "Nicholas Fung";
				TargetAttributes = {
					013E50D51F96805A00BC08BD = {
						CreatedOnToolsVersion = 9.0;
						ProvisioningStyle = Automatic;
					};
				};
			};
			buildConfigurationList = 013E50D11F96805A00BC08BD /* Build configuration list for PBXProject "Every.Do" */;
			compatibilityVersion = "Xcode 8.0";
			developmentRegion = en;
			hasScannedForEncodings = 0;
			knownRegions = (
				en,
				Base,
			);
			mainGroup = 013E50CD1F96805A00BC08BD;
			productRefGroup = 013E50D71F96805A00BC08BD /* Products */;
			projectDirPath = "";
			projectRoot = "";
			targets = (
				013E50D51F96805A00BC08BD /* Every.Do */,
			);
		};
/* End PBXProject section */

/* Begin PBXResourcesBuildPhase section */
		013E50D41F96805A00BC08BD /* Resources */ = {
			isa = PBXResourcesBuildPhase;
			buildActionMask = 2147483647;
			files = (
				013E50E91F96805A00BC08BD /* LaunchScreen.storyboard in Resources */,
				013E50E61F96805A00BC08BD /* Assets.xcassets in Resources */,
				013E50E41F96805A00BC08BD /* Main.storyboard in Resources */,
				013E511E1F96C04800BC08BD /* ToDoTableViewCell.xib in Resources */,
			);
			runOnlyForDeploymentPostprocessing = 0;
		};
/* End PBXResourcesBuildPhase section */

/* Begin PBXSourcesBuildPhase section */
		013E50D21F96805A00BC08BD /* Sources */ = {
			isa = PBXSourcesBuildPhase;
			buildActionMask = 2147483647;
			files = (
				013E50F41F9684AB00BC08BD /* ToDo.m in Sources */,
				013E50DE1F96805A00BC08BD /* MasterViewController.m in Sources */,
				013E50DB1F96805A00BC08BD /* AppDelegate.m in Sources */,
				013E511D1F96C04800BC08BD /* ToDoTableViewCell.m in Sources */,
				013E50EC1F96805A00BC08BD /* main.m in Sources */,
				013E50E11F96805A00BC08BD /* DetailViewController.m in Sources */,
			);
			runOnlyForDeploymentPostprocessing = 0;
		};
/* End PBXSourcesBuildPhase section */

/* Begin PBXVariantGroup section */
		013E50E21F96805A00BC08BD /* Main.storyboard */ = {
			isa = PBXVariantGroup;
			children = (
				013E50E31F96805A00BC08BD /* Base */,
			);
			name = Main.storyboard;
			sourceTree = "<group>";
		};
		013E50E71F96805A00BC08BD /* LaunchScreen.storyboard */ = {
			isa = PBXVariantGroup;
			children = (
				013E50E81F96805A00BC08BD /* Base */,
			);
			name = LaunchScreen.storyboard;
			sourceTree = "<group>";
		};
/* End PBXVariantGroup section */

/* Begin XCBuildConfiguration section */
		013E50ED1F96805A00BC08BD /* Debug */ = {
			isa = XCBuildConfiguration;
			buildSettings = {
				ALWAYS_SEARCH_USER_PATHS = NO;
				CLANG_ANALYZER_NONNULL = YES;
				CLANG_ANALYZER_NUMBER_OBJECT_CONVERSION = YES_AGGRESSIVE;
				CLANG_CXX_LANGUAGE_STANDARD = "gnu++14";
				CLANG_CXX_LIBRARY = "libc++";
				CLANG_ENABLE_MODULES = YES;
				CLANG_ENABLE_OBJC_ARC = YES;
				CLANG_WARN_BLOCK_CAPTURE_AUTORELEASING = YES;
				CLANG_WARN_BOOL_CONVERSION = YES;
				CLANG_WARN_COMMA = YES;
				CLANG_WARN_CONSTANT_CONVERSION = YES;
				CLANG_WARN_DIRECT_OBJC_ISA_USAGE = YES_ERROR;
				CLANG_WARN_DOCUMENTATION_COMMENTS = YES;
				CLANG_WARN_EMPTY_BODY = YES;
				CLANG_WARN_ENUM_CONVERSION = YES;
				CLANG_WARN_INFINITE_RECURSION = YES;
				CLANG_WARN_INT_CONVERSION = YES;
				CLANG_WARN_NON_LITERAL_NULL_CONVERSION = YES;
				CLANG_WARN_OBJC_LITERAL_CONVERSION = YES;
				CLANG_WARN_OBJC_ROOT_CLASS = YES_ERROR;
				CLANG_WARN_RANGE_LOOP_ANALYSIS = YES;
				CLANG_WARN_STRICT_PROTOTYPES = YES;
				CLANG_WARN_SUSPICIOUS_MOVE = YES;
				CLANG_WARN_UNGUARDED_AVAILABILITY = YES_AGGRESSIVE;
				CLANG_WARN_UNREACHABLE_CODE = YES;
				CLANG_WARN__DUPLICATE_METHOD_MATCH = YES;
				CODE_SIGN_IDENTITY = "iPhone Developer";
				COPY_PHASE_STRIP = NO;
				DEBUG_INFORMATION_FORMAT = dwarf;
				ENABLE_STRICT_OBJC_MSGSEND = YES;
				ENABLE_TESTABILITY = YES;
				GCC_C_LANGUAGE_STANDARD = gnu11;
				GCC_DYNAMIC_NO_PIC = NO;
				GCC_NO_COMMON_BLOCKS = YES;
				GCC_OPTIMIZATION_LEVEL = 0;
				GCC_PREPROCESSOR_DEFINITIONS = (
					"DEBUG=1",
					"$(inherited)",
				);
				GCC_WARN_64_TO_32_BIT_CONVERSION = YES;
				GCC_WARN_ABOUT_RETURN_TYPE = YES_ERROR;
				GCC_WARN_UNDECLARED_SELECTOR = YES;
				GCC_WARN_UNINITIALIZED_AUTOS = YES_AGGRESSIVE;
				GCC_WARN_UNUSED_FUNCTION = YES;
				GCC_WARN_UNUSED_VARIABLE = YES;
				IPHONEOS_DEPLOYMENT_TARGET = 11.0;
				MTL_ENABLE_DEBUG_INFO = YES;
				ONLY_ACTIVE_ARCH = YES;
				SDKROOT = iphoneos;
			};
			name = Debug;
		};
		013E50EE1F96805A00BC08BD /* Release */ = {
			isa = XCBuildConfiguration;
			buildSettings = {
				ALWAYS_SEARCH_USER_PATHS = NO;
				CLANG_ANALYZER_NONNULL = YES;
				CLANG_ANALYZER_NUMBER_OBJECT_CONVERSION = YES_AGGRESSIVE;
				CLANG_CXX_LANGUAGE_STANDARD = "gnu++14";
				CLANG_CXX_LIBRARY = "libc++";
				CLANG_ENABLE_MODULES = YES;
				CLANG_ENABLE_OBJC_ARC = YES;
				CLANG_WARN_BLOCK_CAPTURE_AUTORELEASING = YES;
				CLANG_WARN_BOOL_CONVERSION = YES;
				CLANG_WARN_COMMA = YES;
				CLANG_WARN_CONSTANT_CONVERSION = YES;
				CLANG_WARN_DIRECT_OBJC_ISA_USAGE = YES_ERROR;
				CLANG_WARN_DOCUMENTATION_COMMENTS = YES;
				CLANG_WARN_EMPTY_BODY = YES;
				CLANG_WARN_ENUM_CONVERSION = YES;
				CLANG_WARN_INFINITE_RECURSION = YES;
				CLANG_WARN_INT_CONVERSION = YES;
				CLANG_WARN_NON_LITERAL_NULL_CONVERSION = YES;
				CLANG_WARN_OBJC_LITERAL_CONVERSION = YES;
				CLANG_WARN_OBJC_ROOT_CLASS = YES_ERROR;
				CLANG_WARN_RANGE_LOOP_ANALYSIS = YES;
				CLANG_WARN_STRICT_PROTOTYPES = YES;
				CLANG_WARN_SUSPICIOUS_MOVE = YES;
				CLANG_WARN_UNGUARDED_AVAILABILITY = YES_AGGRESSIVE;
				CLANG_WARN_UNREACHABLE_CODE = YES;
				CLANG_WARN__DUPLICATE_METHOD_MATCH = YES;
				CODE_SIGN_IDENTITY = "iPhone Developer";
				COPY_PHASE_STRIP = NO;
				DEBUG_INFORMATION_FORMAT = "dwarf-with-dsym";
				ENABLE_NS_ASSERTIONS = NO;
				ENABLE_STRICT_OBJC_MSGSEND = YES;
				GCC_C_LANGUAGE_STANDARD = gnu11;
				GCC_NO_COMMON_BLOCKS = YES;
				GCC_WARN_64_TO_32_BIT_CONVERSION = YES;
				GCC_WARN_ABOUT_RETURN_TYPE = YES_ERROR;
				GCC_WARN_UNDECLARED_SELECTOR = YES;
				GCC_WARN_UNINITIALIZED_AUTOS = YES_AGGRESSIVE;
				GCC_WARN_UNUSED_FUNCTION = YES;
				GCC_WARN_UNUSED_VARIABLE = YES;
				IPHONEOS_DEPLOYMENT_TARGET = 11.0;
				MTL_ENABLE_DEBUG_INFO = NO;
				SDKROOT = iphoneos;
				VALIDATE_PRODUCT = YES;
			};
			name = Release;
		};
		013E50F01F96805A00BC08BD /* Debug */ = {
			isa = XCBuildConfiguration;
			buildSettings = {
				ASSETCATALOG_COMPILER_APPICON_NAME = AppIcon;
				CODE_SIGN_STYLE = Automatic;
				DEVELOPMENT_TEAM = 48KFD7RJD2;
				INFOPLIST_FILE = Every.Do/Info.plist;
				LD_RUNPATH_SEARCH_PATHS = "$(inherited) @executable_path/Frameworks";
				PRODUCT_BUNDLE_IDENTIFIER = "com.nicholasbfung.Every-Do";
				PRODUCT_NAME = "$(TARGET_NAME)";
				TARGETED_DEVICE_FAMILY = "1,2";
			};
			name = Debug;
		};
		013E50F11F96805A00BC08BD /* Release */ = {
			isa = XCBuildConfiguration;
			buildSettings = {
				ASSETCATALOG_COMPILER_APPICON_NAME = AppIcon;
				CODE_SIGN_STYLE = Automatic;
				DEVELOPMENT_TEAM = 48KFD7RJD2;
				INFOPLIST_FILE = Every.Do/Info.plist;
				LD_RUNPATH_SEARCH_PATHS = "$(inherited) @executable_path/Frameworks";
				PRODUCT_BUNDLE_IDENTIFIER = "com.nicholasbfung.Every-Do";
				PRODUCT_NAME = "$(TARGET_NAME)";
				TARGETED_DEVICE_FAMILY = "1,2";
			};
			name = Release;
		};
/* End XCBuildConfiguration section */

/* Begin XCConfigurationList section */
		013E50D11F96805A00BC08BD /* Build configuration list for PBXProject "Every.Do" */ = {
			isa = XCConfigurationList;
			buildConfigurations = (
				013E50ED1F96805A00BC08BD /* Debug */,
				013E50EE1F96805A00BC08BD /* Release */,
			);
			defaultConfigurationIsVisible = 0;
			defaultConfigurationName = Release;
		};
		013E50EF1F96805A00BC08BD /* Build configuration list for PBXNativeTarget "Every.Do" */ = {
			isa = XCConfigurationList;
			buildConfigurations = (
				013E50F01F96805A00BC08BD /* Debug */,
				013E50F11F96805A00BC08BD /* Release */,
			);
			defaultConfigurationIsVisible = 0;
			defaultConfigurationName = Release;
		};
/* End XCConfigurationList section */
	};
	rootObject = 013E50CE1F96805A00BC08BD /* Project object */;
}
